{
  "version": 4,
  "terraform_version": "1.6.6",
  "serial": 7,
  "lineage": "39516e48-9180-61e0-228e-a667b0bba463",
  "outputs": {},
  "resources": [
    {
      "module": "module.gke_cluster",
      "mode": "managed",
      "type": "google_container_cluster",
      "name": "this",
      "provider": "module.gke_cluster.provider[\"registry.terraform.io/hashicorp/google\"]",
      "instances": [
        {
          "schema_version": 1,
          "attributes": {
            "addons_config": [
              {
                "cloudrun_config": [],
                "config_connector_config": [],
                "dns_cache_config": [],
                "gce_persistent_disk_csi_driver_config": [
                  {
                    "enabled": true
                  }
                ],
                "gcp_filestore_csi_driver_config": [],
                "gke_backup_agent_config": [],
                "horizontal_pod_autoscaling": [],
                "http_load_balancing": [],
                "network_policy_config": [
                  {
                    "disabled": true
                  }
                ]
              }
            ],
            "authenticator_groups_config": [],
            "binary_authorization": [
              {
                "enabled": false,
                "evaluation_mode": ""
              }
            ],
            "cluster_autoscaling": [
              {
                "auto_provisioning_defaults": [],
                "enabled": false,
                "resource_limits": []
              }
            ],
            "cluster_ipv4_cidr": "10.0.0.0/14",
            "confidential_nodes": [],
            "cost_management_config": [],
            "database_encryption": [
              {
                "key_name": "",
                "state": "DECRYPTED"
              }
            ],
            "datapath_provider": "",
            "default_max_pods_per_node": null,
            "default_snat_status": [
              {
                "disabled": false
              }
            ],
            "description": "",
            "dns_config": [],
            "enable_autopilot": false,
            "enable_binary_authorization": false,
            "enable_intranode_visibility": false,
            "enable_kubernetes_alpha": false,
            "enable_l4_ilb_subsetting": false,
            "enable_legacy_abac": false,
            "enable_shielded_nodes": true,
            "enable_tpu": false,
            "endpoint": "34.90.147.212",
            "gateway_api_config": [],
            "id": "projects/booming-crowbar-407418/locations/europe-west4-c/clusters/main",
            "initial_node_count": 1,
            "ip_allocation_policy": [],
            "label_fingerprint": "a9dc16a7",
            "location": "europe-west4-c",
            "logging_config": [
              {
                "enable_components": [
                  "SYSTEM_COMPONENTS",
                  "WORKLOADS"
                ]
              }
            ],
            "logging_service": "logging.googleapis.com/kubernetes",
            "maintenance_policy": [],
            "master_auth": [
              {
                "client_certificate": "",
                "client_certificate_config": [
                  {
                    "issue_client_certificate": false
                  }
                ],
                "client_key": "",
                "cluster_ca_certificate": "LS0tLS1CRUdJTiBDRVJUSUZJQ0FURS0tLS0tCk1JSUVMVENDQXBXZ0F3SUJBZ0lSQUpSNHdmNDZlMXg0VEpsbHNFeG5ZM0l3RFFZSktvWklodmNOQVFFTEJRQXcKTHpFdE1Dc0dBMVVFQXhNa01XSTRZMkV5T0RZdE56RTBOUzAwTXpjeExUbG1aV010TmpReU16Wm1NekJtTURZMgpNQ0FYRFRJek1USXlNekEzTlRVeU1Wb1lEekl3TlRNeE1qRTFNRGcxTlRJeFdqQXZNUzB3S3dZRFZRUURFeVF4CllqaGpZVEk0TmkwM01UUTFMVFF6TnpFdE9XWmxZeTAyTkRJek5tWXpNR1l3TmpZd2dnR2lNQTBHQ1NxR1NJYjMKRFFFQkFRVUFBNElCandBd2dnR0tBb0lCZ1FDZm41TjBrbG1rMWVGLzlxVEw2cFJpSGJJWW1hTmVDRENZdWs1cApBbWgyL2VKZ2I3MnpHdVNvUWc3aWd0VzFJaFZjcXp0TE1xWmdzN2Zncm1OR0pISkUweE4xeXlmb3krSm1acExHClRiZ096a3RNbkNwOXVGQUx4Uk9oNWVMTjZmNUtxNlVSMmZnSW9hTThEbEFoRTlLR0lsV1pMcEhMQXk3TVZ2c1MKUU5HWEE1TkhqUTdoVFhKUXlUclE5OW96dHdrek8rMEJXczVxdk5qbHhDbFh6b1VQL2l3ZFp2c0pMVTM3dUVFNAo5NXJhRjU2Zi9LbUkvNUIxalIxOXJ6c0dXZEtpRVJyZkRteTRHWStWbnEwOVpwOW8vSzc3aWVMbythclJGeUtqClp0QnJFdDA0ais3T0FwVGFMTkgvUHJCZExMeVMxRXpZMkVBYkprcXNVKzlBRThNY1A4L0kxMmQ1cTR3cW5mcmEKQ2ZNcC9td0xXUW1MajVrM3NUdTFoUjVHMFU0UndCajRDSndWeFBWeXNYTVFJUHdsTXljOE12QjhYSWZTZktibApzN0N1UUx0N2ZjU0hkTG43NXJpa0R3UE9sYnhKWW9aRnF3WDB5TlMzWllqZzI2Z1ZRQ1lEeHNtelhaSFhpdU02CkVSaEZwS2h6R0pFNDhQb3UyWk82cVJ4aXo3c0NBd0VBQWFOQ01FQXdEZ1lEVlIwUEFRSC9CQVFEQWdJRU1BOEcKQTFVZEV3RUIvd1FGTUFNQkFmOHdIUVlEVlIwT0JCWUVGSUNhR1pHZkFQNHJWdzlHN0hEaTFoT2RnTGFOTUEwRwpDU3FHU0liM0RRRUJDd1VBQTRJQmdRQTNRd2oydVJHWFZ3U2w5d25DeitwMXo4eEthMXd5NEk5RXkvbEYwSmw4CmFQbTl5TnJFK3hhZ1J6ckxGME94ZDJRR3RGeEVJYnpnbXBlRnlhazYvNmVOelZmdlZBcGRVR0F6ZVJpTWQvYkIKTzBTUSs2RXpib2pTTUZvMjFTL3J5cnlLVm9UL2JNQzdYenowMzlpbUY3MUhwYWpXb2dwWlAvWGFPWUlIVm9PNwptSVZKZENTZEoxdEtiRE5kWEVDdk5NUGtLd1NwN1NHWTNCNHd0OWRBa05uSlVGdTRGL1FpR2hoT0FLdDNKbVR3CktvenpsaGFHdE1ScUJ5YVdvWVhWTGtoRVlXVnhOTkFBN2loOERZc0hjYzIwWGhNVjlJTWtDOXNwMFhUUGJVaC8KbjZQYi9tZzNEUWpFRFc3NmgwVFZFejVUMUp3TTF1TWIvNEo4c0kwOGNndzZuQVR4K0FpMy8yY2dHT21ZWTNZYgpPa3VvNkZ1WFNyQlVHZXlXTzVxQXVNZDZaS0lBTmxHMmFLcEI5UnZuRzR3T2VnYjRMU2EzZE44bUZBM1EwR2NRClBlUDYydjN3dzN6WUI1K0xMWHJrbUlUZ3AvWmUvbXRUWlB2UkhmcWE3UkJubWl5T0p5NkIzTWVlOXJpcHlGU0gKQTFUczRzYjBsaG9sTnpvNHlzcjlXTlU9Ci0tLS0tRU5EIENFUlRJRklDQVRFLS0tLS0K"
              }
            ],
            "master_authorized_networks_config": [],
            "master_version": "1.27.3-gke.100",
            "mesh_certificates": [],
            "min_master_version": null,
            "monitoring_config": [
              {
                "enable_components": [
                  "SYSTEM_COMPONENTS"
                ],
                "managed_prometheus": [
                  {
                    "enabled": true
                  }
                ]
              }
            ],
            "monitoring_service": "monitoring.googleapis.com/kubernetes",
            "name": "main",
            "network": "projects/booming-crowbar-407418/global/networks/default",
            "network_policy": [
              {
                "enabled": false,
                "provider": "PROVIDER_UNSPECIFIED"
              }
            ],
            "networking_mode": "ROUTES",
            "node_config": [],
            "node_locations": [],
            "node_pool": [],
            "node_pool_defaults": [
              {
                "node_config_defaults": [
                  {
                    "logging_variant": "DEFAULT"
                  }
                ]
              }
            ],
            "node_version": "1.27.3-gke.100",
            "notification_config": [
              {
                "pubsub": [
                  {
                    "enabled": false,
                    "filter": [],
                    "topic": ""
                  }
                ]
              }
            ],
            "operation": null,
            "private_cluster_config": [
              {
                "enable_private_endpoint": false,
                "enable_private_nodes": false,
                "master_global_access_config": [
                  {
                    "enabled": false
                  }
                ],
                "master_ipv4_cidr_block": "",
                "peering_name": "",
                "private_endpoint": "10.164.0.16",
                "private_endpoint_subnetwork": "",
                "public_endpoint": "34.90.147.212"
              }
            ],
            "private_ipv6_google_access": "",
            "project": "booming-crowbar-407418",
            "release_channel": [
              {
                "channel": "REGULAR"
              }
            ],
            "remove_default_node_pool": true,
            "resource_labels": null,
            "resource_usage_export_config": [],
            "self_link": "https://container.googleapis.com/v1/projects/booming-crowbar-407418/zones/europe-west4-c/clusters/main",
            "service_external_ips_config": [
              {
                "enabled": false
              }
            ],
            "services_ipv4_cidr": "10.3.240.0/20",
            "subnetwork": "projects/booming-crowbar-407418/regions/europe-west4/subnetworks/default",
            "timeouts": null,
            "tpu_ipv4_cidr_block": "",
            "vertical_pod_autoscaling": [],
            "workload_identity_config": [
              {
                "workload_pool": "booming-crowbar-407418.svc.id.goog"
              }
            ]
          },
          "sensitive_attributes": [],
          "private": "eyJlMmJmYjczMC1lY2FhLTExZTYtOGY4OC0zNDM2M2JjN2M0YzAiOnsiY3JlYXRlIjoyNDAwMDAwMDAwMDAwLCJkZWxldGUiOjI0MDAwMDAwMDAwMDAsInJlYWQiOjI0MDAwMDAwMDAwMDAsInVwZGF0ZSI6MzYwMDAwMDAwMDAwMH0sInNjaGVtYV92ZXJzaW9uIjoiMSJ9"
        }
      ]
    },
    {
      "module": "module.gke_cluster",
      "mode": "managed",
      "type": "google_container_node_pool",
      "name": "this",
      "provider": "module.gke_cluster.provider[\"registry.terraform.io/hashicorp/google\"]",
      "instances": [
        {
          "schema_version": 1,
          "attributes": {
            "autoscaling": [],
            "cluster": "main",
            "id": "projects/booming-crowbar-407418/locations/europe-west4-c/clusters/main/nodePools/main",
            "initial_node_count": 2,
            "instance_group_urls": [
              "https://www.googleapis.com/compute/v1/projects/booming-crowbar-407418/zones/europe-west4-c/instanceGroupManagers/gke-main-main-1be38441-grp"
            ],
            "location": "europe-west4-c",
            "managed_instance_group_urls": [
              "https://www.googleapis.com/compute/v1/projects/booming-crowbar-407418/zones/europe-west4-c/instanceGroups/gke-main-main-1be38441-grp"
            ],
            "management": [
              {
                "auto_repair": true,
                "auto_upgrade": true
              }
            ],
            "max_pods_per_node": null,
            "name": "main",
            "name_prefix": "",
            "network_config": [
              {
                "create_pod_range": false,
                "enable_private_nodes": false,
                "pod_ipv4_cidr_block": "",
                "pod_range": ""
              }
            ],
            "node_config": [
              {
                "boot_disk_kms_key": "",
                "disk_size_gb": 100,
                "disk_type": "pd-balanced",
                "gcfs_config": [],
                "guest_accelerator": [],
                "gvnic": [],
                "image_type": "COS_CONTAINERD",
                "kubelet_config": [],
                "labels": {},
                "linux_node_config": [],
                "local_ssd_count": 0,
                "logging_variant": "DEFAULT",
                "machine_type": "g1-small",
                "metadata": {
                  "disable-legacy-endpoints": "true"
                },
                "min_cpu_platform": "",
                "node_group": "",
                "oauth_scopes": [
                  "https://www.googleapis.com/auth/devstorage.read_only",
                  "https://www.googleapis.com/auth/logging.write",
                  "https://www.googleapis.com/auth/monitoring",
                  "https://www.googleapis.com/auth/service.management.readonly",
                  "https://www.googleapis.com/auth/servicecontrol",
                  "https://www.googleapis.com/auth/trace.append"
                ],
                "preemptible": false,
                "reservation_affinity": [],
                "resource_labels": null,
                "service_account": "default",
                "shielded_instance_config": [
                  {
                    "enable_integrity_monitoring": true,
                    "enable_secure_boot": false
                  }
                ],
                "spot": false,
                "tags": null,
                "taint": [],
                "workload_metadata_config": [
                  {
                    "mode": "GKE_METADATA"
                  }
                ]
              }
            ],
            "node_count": 2,
            "node_locations": [
              "europe-west4-c"
            ],
            "operation": null,
            "placement_policy": [],
            "project": "booming-crowbar-407418",
            "timeouts": null,
            "upgrade_settings": [
              {
                "blue_green_settings": [],
                "max_surge": 1,
                "max_unavailable": 0,
                "strategy": "SURGE"
              }
            ],
            "version": "1.27.3-gke.100"
          },
          "sensitive_attributes": [],
          "private": "eyJlMmJmYjczMC1lY2FhLTExZTYtOGY4OC0zNDM2M2JjN2M0YzAiOnsiY3JlYXRlIjoxODAwMDAwMDAwMDAwLCJkZWxldGUiOjE4MDAwMDAwMDAwMDAsInVwZGF0ZSI6MTgwMDAwMDAwMDAwMH0sInNjaGVtYV92ZXJzaW9uIjoiMSJ9",
          "dependencies": [
            "module.gke_cluster.google_container_cluster.this"
          ]
        }
      ]
    },
    {
      "module": "module.gke_cluster",
      "mode": "managed",
      "type": "local_file",
      "name": "kubeconfig",
      "provider": "provider[\"registry.terraform.io/hashicorp/local\"]",
      "instances": [
        {
          "schema_version": 0,
          "attributes": {
            "content": "apiVersion: v1\nclusters:\n- cluster:\n    certificate-authority-data: LS0tLS1CRUdJTiBDRVJUSUZJQ0FURS0tLS0tCk1JSUVMVENDQXBXZ0F3SUJBZ0lSQUpSNHdmNDZlMXg0VEpsbHNFeG5ZM0l3RFFZSktvWklodmNOQVFFTEJRQXcKTHpFdE1Dc0dBMVVFQXhNa01XSTRZMkV5T0RZdE56RTBOUzAwTXpjeExUbG1aV010TmpReU16Wm1NekJtTURZMgpNQ0FYRFRJek1USXlNekEzTlRVeU1Wb1lEekl3TlRNeE1qRTFNRGcxTlRJeFdqQXZNUzB3S3dZRFZRUURFeVF4CllqaGpZVEk0TmkwM01UUTFMVFF6TnpFdE9XWmxZeTAyTkRJek5tWXpNR1l3TmpZd2dnR2lNQTBHQ1NxR1NJYjMKRFFFQkFRVUFBNElCandBd2dnR0tBb0lCZ1FDZm41TjBrbG1rMWVGLzlxVEw2cFJpSGJJWW1hTmVDRENZdWs1cApBbWgyL2VKZ2I3MnpHdVNvUWc3aWd0VzFJaFZjcXp0TE1xWmdzN2Zncm1OR0pISkUweE4xeXlmb3krSm1acExHClRiZ096a3RNbkNwOXVGQUx4Uk9oNWVMTjZmNUtxNlVSMmZnSW9hTThEbEFoRTlLR0lsV1pMcEhMQXk3TVZ2c1MKUU5HWEE1TkhqUTdoVFhKUXlUclE5OW96dHdrek8rMEJXczVxdk5qbHhDbFh6b1VQL2l3ZFp2c0pMVTM3dUVFNAo5NXJhRjU2Zi9LbUkvNUIxalIxOXJ6c0dXZEtpRVJyZkRteTRHWStWbnEwOVpwOW8vSzc3aWVMbythclJGeUtqClp0QnJFdDA0ais3T0FwVGFMTkgvUHJCZExMeVMxRXpZMkVBYkprcXNVKzlBRThNY1A4L0kxMmQ1cTR3cW5mcmEKQ2ZNcC9td0xXUW1MajVrM3NUdTFoUjVHMFU0UndCajRDSndWeFBWeXNYTVFJUHdsTXljOE12QjhYSWZTZktibApzN0N1UUx0N2ZjU0hkTG43NXJpa0R3UE9sYnhKWW9aRnF3WDB5TlMzWllqZzI2Z1ZRQ1lEeHNtelhaSFhpdU02CkVSaEZwS2h6R0pFNDhQb3UyWk82cVJ4aXo3c0NBd0VBQWFOQ01FQXdEZ1lEVlIwUEFRSC9CQVFEQWdJRU1BOEcKQTFVZEV3RUIvd1FGTUFNQkFmOHdIUVlEVlIwT0JCWUVGSUNhR1pHZkFQNHJWdzlHN0hEaTFoT2RnTGFOTUEwRwpDU3FHU0liM0RRRUJDd1VBQTRJQmdRQTNRd2oydVJHWFZ3U2w5d25DeitwMXo4eEthMXd5NEk5RXkvbEYwSmw4CmFQbTl5TnJFK3hhZ1J6ckxGME94ZDJRR3RGeEVJYnpnbXBlRnlhazYvNmVOelZmdlZBcGRVR0F6ZVJpTWQvYkIKTzBTUSs2RXpib2pTTUZvMjFTL3J5cnlLVm9UL2JNQzdYenowMzlpbUY3MUhwYWpXb2dwWlAvWGFPWUlIVm9PNwptSVZKZENTZEoxdEtiRE5kWEVDdk5NUGtLd1NwN1NHWTNCNHd0OWRBa05uSlVGdTRGL1FpR2hoT0FLdDNKbVR3CktvenpsaGFHdE1ScUJ5YVdvWVhWTGtoRVlXVnhOTkFBN2loOERZc0hjYzIwWGhNVjlJTWtDOXNwMFhUUGJVaC8KbjZQYi9tZzNEUWpFRFc3NmgwVFZFejVUMUp3TTF1TWIvNEo4c0kwOGNndzZuQVR4K0FpMy8yY2dHT21ZWTNZYgpPa3VvNkZ1WFNyQlVHZXlXTzVxQXVNZDZaS0lBTmxHMmFLcEI5UnZuRzR3T2VnYjRMU2EzZE44bUZBM1EwR2NRClBlUDYydjN3dzN6WUI1K0xMWHJrbUlUZ3AvWmUvbXRUWlB2UkhmcWE3UkJubWl5T0p5NkIzTWVlOXJpcHlGU0gKQTFUczRzYjBsaG9sTnpvNHlzcjlXTlU9Ci0tLS0tRU5EIENFUlRJRklDQVRFLS0tLS0K\n    server: https://34.90.147.212\n  name: main\ncontexts:\n- context:\n    cluster: main\n    user: main\n  name: main\ncurrent-context: main\nkind: Config\npreferences: {}\nusers:\n- name: main\n  user:\n    token: ya29.a0AfB_byBceFpdTLcBtDZdt4QVQjQQ1tV3q68mgQs6nzmzgApSVxPwin1zVeKW5wBiYM8Qm9dNt5rs3yCfESuHMRtYGwh2HrfeDrZMMcTobs7EL_MtSqd0YFJaahL-QZ4wHjCKtfIDrI1QqZDiEZLDuCJXVRm04s7j6Cyqy-mmxgJJHfg0rrYAeFPEiFX0ND8EOVEMg8vwdw5sp900fSIf0e4TVyWYV7UhejlVzvwDyXRiQ6Rnv-caqeFgERu6JWO-m86uMXvpfqOE0nb4MP_c-Mzpv-RypimtG-lBH_XyTiKXXsrh6Au1vdnT4pQ4uMkFKYeuffS9HdDqV8NBiN9bE2a1fopQOSfOZ5JiB8pUi547JJkdFcz6U0T5EgnpipnrVwAAOvbR_X1L-HBI5nXcE77ddVAaCgYKARgSARMSFQHGX2MixrMxzKleLvFduwqHY34AsA0418\n",
            "content_base64": null,
            "content_base64sha256": "YINSF5n9MHVb7yV8HPNvR63EUy7/0HutQjD45I8O4eY=",
            "content_base64sha512": "v2UZQgUrMmBhK5jd+bA8QG5UsuawqzoVjB2AaJZtk0a/SRWeu9/hj6GEq7zfC4nqKVQ4sdLSa1oLW9jzewMkhw==",
            "content_md5": "60329dbc138e390a0142642bcc199864",
            "content_sha1": "862e31f022405bba422e63054ac5a723f45f7b4b",
            "content_sha256": "6083521799fd30755bef257c1cf36f47adc4532effd07bad4230f8e48f0ee1e6",
            "content_sha512": "bf651942052b3260612b98ddf9b03c406e54b2e6b0ab3a158c1d8068966d9346bf49159ebbdfe18fa184abbcdf0b89ea295438b1d2d26b5a0b5bd8f37b032487",
            "directory_permission": "0777",
            "file_permission": "0400",
            "filename": ".terraform/modules/gke_cluster/kubeconfig",
            "id": "862e31f022405bba422e63054ac5a723f45f7b4b",
            "sensitive_content": null,
            "source": null
          },
          "sensitive_attributes": [
            [
              {
                "type": "get_attr",
                "value": "content"
              }
            ]
          ],
          "dependencies": [
            "module.gke_cluster.google_container_cluster.this",
            "module.gke_cluster.module.gke_auth.data.google_client_config.provider",
            "module.gke_cluster.module.gke_auth.data.google_container_cluster.gke_cluster"
          ]
        }
      ]
    },
    {
      "module": "module.gke_cluster.module.gke_auth",
      "mode": "data",
      "type": "google_client_config",
      "name": "provider",
      "provider": "module.gke_cluster.provider[\"registry.terraform.io/hashicorp/google\"]",
      "instances": [
        {
          "schema_version": 0,
          "attributes": {
            "access_token": "ya29.a0AfB_byBceFpdTLcBtDZdt4QVQjQQ1tV3q68mgQs6nzmzgApSVxPwin1zVeKW5wBiYM8Qm9dNt5rs3yCfESuHMRtYGwh2HrfeDrZMMcTobs7EL_MtSqd0YFJaahL-QZ4wHjCKtfIDrI1QqZDiEZLDuCJXVRm04s7j6Cyqy-mmxgJJHfg0rrYAeFPEiFX0ND8EOVEMg8vwdw5sp900fSIf0e4TVyWYV7UhejlVzvwDyXRiQ6Rnv-caqeFgERu6JWO-m86uMXvpfqOE0nb4MP_c-Mzpv-RypimtG-lBH_XyTiKXXsrh6Au1vdnT4pQ4uMkFKYeuffS9HdDqV8NBiN9bE2a1fopQOSfOZ5JiB8pUi547JJkdFcz6U0T5EgnpipnrVwAAOvbR_X1L-HBI5nXcE77ddVAaCgYKARgSARMSFQHGX2MixrMxzKleLvFduwqHY34AsA0418",
            "id": "projects/booming-crowbar-407418/regions/europe-west4-c/zones/",
            "project": "booming-crowbar-407418",
            "region": "europe-west4-c",
            "zone": ""
          },
          "sensitive_attributes": []
        }
      ]
    },
    {
      "module": "module.gke_cluster.module.gke_auth",
      "mode": "data",
      "type": "google_container_cluster",
      "name": "gke_cluster",
      "provider": "module.gke_cluster.provider[\"registry.terraform.io/hashicorp/google\"]",
      "instances": [
        {
          "schema_version": 0,
          "attributes": {
            "addons_config": [
              {
                "cloudrun_config": [],
                "config_connector_config": [],
                "dns_cache_config": [],
                "gce_persistent_disk_csi_driver_config": [
                  {
                    "enabled": true
                  }
                ],
                "gcp_filestore_csi_driver_config": [],
                "gke_backup_agent_config": [],
                "horizontal_pod_autoscaling": [],
                "http_load_balancing": [],
                "network_policy_config": [
                  {
                    "disabled": true
                  }
                ]
              }
            ],
            "authenticator_groups_config": [],
            "binary_authorization": [
              {
                "enabled": false,
                "evaluation_mode": ""
              }
            ],
            "cluster_autoscaling": [
              {
                "auto_provisioning_defaults": [],
                "enabled": false,
                "resource_limits": []
              }
            ],
            "cluster_ipv4_cidr": "10.0.0.0/14",
            "confidential_nodes": [],
            "cost_management_config": [],
            "database_encryption": [
              {
                "key_name": "",
                "state": "DECRYPTED"
              }
            ],
            "datapath_provider": "",
            "default_max_pods_per_node": null,
            "default_snat_status": [
              {
                "disabled": false
              }
            ],
            "description": "",
            "dns_config": [],
            "enable_autopilot": false,
            "enable_binary_authorization": false,
            "enable_intranode_visibility": false,
            "enable_kubernetes_alpha": false,
            "enable_l4_ilb_subsetting": false,
            "enable_legacy_abac": false,
            "enable_shielded_nodes": true,
            "enable_tpu": false,
            "endpoint": "34.90.147.212",
            "gateway_api_config": [],
            "id": "projects/booming-crowbar-407418/locations/europe-west4-c/clusters/main",
            "initial_node_count": 1,
            "ip_allocation_policy": [],
            "label_fingerprint": "a9dc16a7",
            "location": "europe-west4-c",
            "logging_config": [
              {
                "enable_components": [
                  "SYSTEM_COMPONENTS",
                  "WORKLOADS"
                ]
              }
            ],
            "logging_service": "logging.googleapis.com/kubernetes",
            "maintenance_policy": [],
            "master_auth": [
              {
                "client_certificate": "",
                "client_certificate_config": [
                  {
                    "issue_client_certificate": false
                  }
                ],
                "client_key": "",
                "cluster_ca_certificate": "LS0tLS1CRUdJTiBDRVJUSUZJQ0FURS0tLS0tCk1JSUVMVENDQXBXZ0F3SUJBZ0lSQUpSNHdmNDZlMXg0VEpsbHNFeG5ZM0l3RFFZSktvWklodmNOQVFFTEJRQXcKTHpFdE1Dc0dBMVVFQXhNa01XSTRZMkV5T0RZdE56RTBOUzAwTXpjeExUbG1aV010TmpReU16Wm1NekJtTURZMgpNQ0FYRFRJek1USXlNekEzTlRVeU1Wb1lEekl3TlRNeE1qRTFNRGcxTlRJeFdqQXZNUzB3S3dZRFZRUURFeVF4CllqaGpZVEk0TmkwM01UUTFMVFF6TnpFdE9XWmxZeTAyTkRJek5tWXpNR1l3TmpZd2dnR2lNQTBHQ1NxR1NJYjMKRFFFQkFRVUFBNElCandBd2dnR0tBb0lCZ1FDZm41TjBrbG1rMWVGLzlxVEw2cFJpSGJJWW1hTmVDRENZdWs1cApBbWgyL2VKZ2I3MnpHdVNvUWc3aWd0VzFJaFZjcXp0TE1xWmdzN2Zncm1OR0pISkUweE4xeXlmb3krSm1acExHClRiZ096a3RNbkNwOXVGQUx4Uk9oNWVMTjZmNUtxNlVSMmZnSW9hTThEbEFoRTlLR0lsV1pMcEhMQXk3TVZ2c1MKUU5HWEE1TkhqUTdoVFhKUXlUclE5OW96dHdrek8rMEJXczVxdk5qbHhDbFh6b1VQL2l3ZFp2c0pMVTM3dUVFNAo5NXJhRjU2Zi9LbUkvNUIxalIxOXJ6c0dXZEtpRVJyZkRteTRHWStWbnEwOVpwOW8vSzc3aWVMbythclJGeUtqClp0QnJFdDA0ais3T0FwVGFMTkgvUHJCZExMeVMxRXpZMkVBYkprcXNVKzlBRThNY1A4L0kxMmQ1cTR3cW5mcmEKQ2ZNcC9td0xXUW1MajVrM3NUdTFoUjVHMFU0UndCajRDSndWeFBWeXNYTVFJUHdsTXljOE12QjhYSWZTZktibApzN0N1UUx0N2ZjU0hkTG43NXJpa0R3UE9sYnhKWW9aRnF3WDB5TlMzWllqZzI2Z1ZRQ1lEeHNtelhaSFhpdU02CkVSaEZwS2h6R0pFNDhQb3UyWk82cVJ4aXo3c0NBd0VBQWFOQ01FQXdEZ1lEVlIwUEFRSC9CQVFEQWdJRU1BOEcKQTFVZEV3RUIvd1FGTUFNQkFmOHdIUVlEVlIwT0JCWUVGSUNhR1pHZkFQNHJWdzlHN0hEaTFoT2RnTGFOTUEwRwpDU3FHU0liM0RRRUJDd1VBQTRJQmdRQTNRd2oydVJHWFZ3U2w5d25DeitwMXo4eEthMXd5NEk5RXkvbEYwSmw4CmFQbTl5TnJFK3hhZ1J6ckxGME94ZDJRR3RGeEVJYnpnbXBlRnlhazYvNmVOelZmdlZBcGRVR0F6ZVJpTWQvYkIKTzBTUSs2RXpib2pTTUZvMjFTL3J5cnlLVm9UL2JNQzdYenowMzlpbUY3MUhwYWpXb2dwWlAvWGFPWUlIVm9PNwptSVZKZENTZEoxdEtiRE5kWEVDdk5NUGtLd1NwN1NHWTNCNHd0OWRBa05uSlVGdTRGL1FpR2hoT0FLdDNKbVR3CktvenpsaGFHdE1ScUJ5YVdvWVhWTGtoRVlXVnhOTkFBN2loOERZc0hjYzIwWGhNVjlJTWtDOXNwMFhUUGJVaC8KbjZQYi9tZzNEUWpFRFc3NmgwVFZFejVUMUp3TTF1TWIvNEo4c0kwOGNndzZuQVR4K0FpMy8yY2dHT21ZWTNZYgpPa3VvNkZ1WFNyQlVHZXlXTzVxQXVNZDZaS0lBTmxHMmFLcEI5UnZuRzR3T2VnYjRMU2EzZE44bUZBM1EwR2NRClBlUDYydjN3dzN6WUI1K0xMWHJrbUlUZ3AvWmUvbXRUWlB2UkhmcWE3UkJubWl5T0p5NkIzTWVlOXJpcHlGU0gKQTFUczRzYjBsaG9sTnpvNHlzcjlXTlU9Ci0tLS0tRU5EIENFUlRJRklDQVRFLS0tLS0K"
              }
            ],
            "master_authorized_networks_config": [],
            "master_version": "1.27.3-gke.100",
            "mesh_certificates": [],
            "min_master_version": null,
            "monitoring_config": [
              {
                "enable_components": [
                  "SYSTEM_COMPONENTS"
                ],
                "managed_prometheus": [
                  {
                    "enabled": true
                  }
                ]
              }
            ],
            "monitoring_service": "monitoring.googleapis.com/kubernetes",
            "name": "main",
            "network": "projects/booming-crowbar-407418/global/networks/default",
            "network_policy": [
              {
                "enabled": false,
                "provider": "PROVIDER_UNSPECIFIED"
              }
            ],
            "networking_mode": "ROUTES",
            "node_config": [],
            "node_locations": [],
            "node_pool": [],
            "node_pool_defaults": [
              {
                "node_config_defaults": [
                  {
                    "logging_variant": "DEFAULT"
                  }
                ]
              }
            ],
            "node_version": "1.27.3-gke.100",
            "notification_config": [
              {
                "pubsub": [
                  {
                    "enabled": false,
                    "filter": [],
                    "topic": ""
                  }
                ]
              }
            ],
            "operation": null,
            "private_cluster_config": [
              {
                "enable_private_endpoint": false,
                "enable_private_nodes": false,
                "master_global_access_config": [
                  {
                    "enabled": false
                  }
                ],
                "master_ipv4_cidr_block": "",
                "peering_name": "",
                "private_endpoint": "10.164.0.16",
                "private_endpoint_subnetwork": "",
                "public_endpoint": "34.90.147.212"
              }
            ],
            "private_ipv6_google_access": "",
            "project": "booming-crowbar-407418",
            "release_channel": [
              {
                "channel": "REGULAR"
              }
            ],
            "remove_default_node_pool": null,
            "resource_labels": {},
            "resource_usage_export_config": [],
            "self_link": "https://container.googleapis.com/v1/projects/booming-crowbar-407418/zones/europe-west4-c/clusters/main",
            "service_external_ips_config": [
              {
                "enabled": false
              }
            ],
            "services_ipv4_cidr": "10.3.240.0/20",
            "subnetwork": "projects/booming-crowbar-407418/regions/europe-west4/subnetworks/default",
            "tpu_ipv4_cidr_block": "",
            "vertical_pod_autoscaling": [],
            "workload_identity_config": [
              {
                "workload_pool": "booming-crowbar-407418.svc.id.goog"
              }
            ]
          },
          "sensitive_attributes": []
        }
      ]
    }
  ],
  "check_results": null
}
